
Microsoft Visual Studio Solution File, Format Version 12.00
# Visual Studio Version 16
VisualStudioVersion = 16.0.31005.135
MinimumVisualStudioVersion = 10.0.40219.1
Project("{FAE04EC0-301F-11D3-BF4B-00C04F79EFBC}") = "PayementApi", "PayementApi\PayementApi.csproj", "{D2E838D4-1613-4775-9816-2C4FED758F17}"
EndProject
Global
	GlobalSection(SolutionConfigurationPlatforms) = preSolution
		Debug|Any CPU = Debug|Any CPU
		Release|Any CPU = Release|Any CPU
	EndGlobalSection
	GlobalSection(ProjectConfigurationPlatforms) = postSolution
		{D2E838D4-1613-4775-9816-2C4FED758F17}.Debug|Any CPU.ActiveCfg = Debug|Any CPU
		{D2E838D4-1613-4775-9816-2C4FED758F17}.Debug|Any CPU.Build.0 = Debug|Any CPU
		{D2E838D4-1613-4775-9816-2C4FED758F17}.Release|Any CPU.ActiveCfg = Release|Any CPU
		{D2E838D4-1613-4775-9816-2C4FED758F17}.Release|Any CPU.Build.0 = Release|Any CPU
	EndGlobalSection
	GlobalSection(SolutionProperties) = preSolution
		HideSolutionNode = FALSE
	EndGlobalSection
	GlobalSection(ExtensibilityGlobals) = postSolution
		SolutionGuid = {0A495A5E-BC18-438C-94E4-988C7BCBDB30}
	EndGlobalSection
EndGlobal
